
Microsoft Visual Studio Solution File, Format Version 12.00
# Visual Studio Version 17
VisualStudioVersion = 17.14.37531.7
MinimumVisualStudioVersion = 10.0.40219.1
Project("{FAE04EC0-301F-11D3-BF4B-00C04F79EFBC}") = "PostWebApi", "PostWebApi.csproj", "{AD8774A5-4A14-4658-8577-526BF9B387B6}"
EndProject
Project("{FAE04EC0-301F-11D3-BF4B-00C04F79EFBC}") = "PostWebApiCommon", "..\PostWebApiCommon\PostWebApiCommon.csproj", "{51C5DBA8-364A-4614-983D-D83B05B4906B}"
EndProject
Project("{FAE04EC0-301F-11D3-BF4B-00C04F79EFBC}") = "PostWebApiService", "..\PostWebApiService\PostWebApiService.csproj", "{00347BC6-AF82-4F64-9598-C78D7F5BE52B}"
EndProject
Global
	GlobalSection(SolutionConfigurationPlatforms) = preSolution
		Debug|Any CPU = Debug|Any CPU
		Release|Any CPU = Release|Any CPU
	EndGlobalSection
	GlobalSection(ProjectConfigurationPlatforms) = postSolution
		{AD8774A5-4A14-4658-8577-526BF9B387B6}.Debug|Any CPU.ActiveCfg = Debug|Any CPU
		{AD8774A5-4A14-4658-8577-526BF9B387B6}.Debug|Any CPU.Build.0 = Debug|Any CPU
		{AD8774A5-4A14-4658-8577-526BF9B387B6}.Release|Any CPU.ActiveCfg = Release|Any CPU
		{AD8774A5-4A14-4658-8577-526BF9B387B6}.Release|Any CPU.Build.0 = Release|Any CPU
		{51C5DBA8-364A-4614-983D-D83B05B4906B}.Debug|Any CPU.ActiveCfg = Debug|Any CPU
		{51C5DBA8-364A-4614-983D-D83B05B4906B}.Debug|Any CPU.Build.0 = Debug|Any CPU
		{51C5DBA8-364A-4614-983D-D83B05B4906B}.Release|Any CPU.ActiveCfg = Release|Any CPU
		{51C5DBA8-364A-4614-983D-D83B05B4906B}.Release|Any CPU.Build.0 = Release|Any CPU
		{00347BC6-AF82-4F64-9598-C78D7F5BE52B}.Debug|Any CPU.ActiveCfg = Debug|Any CPU
		{00347BC6-AF82-4F64-9598-C78D7F5BE52B}.Debug|Any CPU.Build.0 = Debug|Any CPU
		{00347BC6-AF82-4F64-9598-C78D7F5BE52B}.Release|Any CPU.ActiveCfg = Release|Any CPU
		{00347BC6-AF82-4F64-9598-C78D7F5BE52B}.Release|Any CPU.Build.0 = Release|Any CPU
	EndGlobalSection
	GlobalSection(SolutionProperties) = preSolution
		HideSolutionNode = FALSE
	EndGlobalSection
	GlobalSection(ExtensibilityGlobals) = postSolution
		SolutionGuid = {0134713C-E834-427A-AD7D-D8D6E786ADFE}
	EndGlobalSection
EndGlobal
